
Microsoft Visual Studio Solution File, Format Version 12.00
# Visual Studio Version 17
VisualStudioVersion = 17.5.002.0
MinimumVisualStudioVersion = 10.0.40219.1
Project("{9A19103F-16F7-4668-BE54-9A1E7A4F7556}") = "RETURNCONTANT-MVC", "RETURNCONTANT-MVC.csproj", "{4840478D-B19D-4682-A763-D60036E2C213}"
EndProject
Global
	GlobalSection(SolutionConfigurationPlatforms) = preSolution
		Debug|Any CPU = Debug|Any CPU
		Release|Any CPU = Release|Any CPU
	EndGlobalSection
	GlobalSection(ProjectConfigurationPlatforms) = postSolution
		{4840478D-B19D-4682-A763-D60036E2C213}.Debug|Any CPU.ActiveCfg = Debug|Any CPU
		{4840478D-B19D-4682-A763-D60036E2C213}.Debug|Any CPU.Build.0 = Debug|Any CPU
		{4840478D-B19D-4682-A763-D60036E2C213}.Release|Any CPU.ActiveCfg = Release|Any CPU
		{4840478D-B19D-4682-A763-D60036E2C213}.Release|Any CPU.Build.0 = Release|Any CPU
	EndGlobalSection
	GlobalSection(SolutionProperties) = preSolution
		HideSolutionNode = FALSE
	EndGlobalSection
	GlobalSection(ExtensibilityGlobals) = postSolution
		SolutionGuid = {6681BF54-D90A-4E0F-8223-C8515537266A}
	EndGlobalSection
EndGlobal
